// !$*UTF8*$!
{
	archiveVersion = 1;
	classes = {
	};
	objectVersion = 50;
	objects = {

/* Begin PBXBuildFile section */
		CF3E2A68266F8ED600BA2A10 /* DetailTrackViewController.swift in Sources */ = {isa = PBXBuildFile; fileRef = CF3E2A67266F8ED600BA2A10 /* DetailTrackViewController.swift */; };
		CF4DA70B266E969600698EE2 /* AppDelegate.swift in Sources */ = {isa = PBXBuildFile; fileRef = CF4DA70A266E969600698EE2 /* AppDelegate.swift */; };
		CF4DA70D266E969600698EE2 /* SceneDelegate.swift in Sources */ = {isa = PBXBuildFile; fileRef = CF4DA70C266E969600698EE2 /* SceneDelegate.swift */; };
		CF4DA70F266E969600698EE2 /* TrackTableViewController.swift in Sources */ = {isa = PBXBuildFile; fileRef = CF4DA70E266E969600698EE2 /* TrackTableViewController.swift */; };
		CF4DA712266E969600698EE2 /* Main.storyboard in Resources */ = {isa = PBXBuildFile; fileRef = CF4DA710266E969600698EE2 /* Main.storyboard */; };
		CF4DA714266E969800698EE2 /* Assets.xcassets in Resources */ = {isa = PBXBuildFile; fileRef = CF4DA713266E969800698EE2 /* Assets.xcassets */; };
		CF4DA717266E969800698EE2 /* LaunchScreen.storyboard in Resources */ = {isa = PBXBuildFile; fileRef = CF4DA715266E969800698EE2 /* LaunchScreen.storyboard */; };
		CF4DA721266E99A900698EE2 /* Track.swift in Sources */ = {isa = PBXBuildFile; fileRef = CF4DA720266E99A900698EE2 /* Track.swift */; };
/* End PBXBuildFile section */

/* Begin PBXFileReference section */
		CF3E2A67266F8ED600BA2A10 /* DetailTrackViewController.swift */ = {isa = PBXFileReference; lastKnownFileType = sourcecode.swift; path = DetailTrackViewController.swift; sourceTree = "<group>"; };
		CF4DA707266E969600698EE2 /* TrackProject.app */ = {isa = PBXFileReference; explicitFileType = wrapper.application; includeInIndex = 0; path = TrackProject.app; sourceTree = BUILT_PRODUCTS_DIR; };
		CF4DA70A266E969600698EE2 /* AppDelegate.swift */ = {isa = PBXFileReference; lastKnownFileType = sourcecode.swift; path = AppDelegate.swift; sourceTree = "<group>"; };
		CF4DA70C266E969600698EE2 /* SceneDelegate.swift */ = {isa = PBXFileReference; lastKnownFileType = sourcecode.swift; path = SceneDelegate.swift; sourceTree = "<group>"; };
		CF4DA70E266E969600698EE2 /* TrackTableViewController.swift */ = {isa = PBXFileReference; lastKnownFileType = sourcecode.swift; path = TrackTableViewController.swift; sourceTree = "<group>"; };
		CF4DA711266E969600698EE2 /* Base */ = {isa = PBXFileReference; lastKnownFileType = file.storyboard; name = Base; path = Base.lproj/Main.storyboard; sourceTree = "<group>"; };
		CF4DA713266E969800698EE2 /* Assets.xcassets */ = {isa = PBXFileReference; lastKnownFileType = folder.assetcatalog; path = Assets.xcassets; sourceTree = "<group>"; };
		CF4DA716266E969800698EE2 /* Base */ = {isa = PBXFileReference; lastKnownFileType = file.storyboard; name = Base; path = Base.lproj/LaunchScreen.storyboard; sourceTree = "<group>"; };
		CF4DA718266E969800698EE2 /* Info.plist */ = {isa = PBXFileReference; lastKnownFileType = text.plist.xml; path = Info.plist; sourceTree = "<group>"; };
		CF4DA720266E99A900698EE2 /* Track.swift */ = {isa = PBXFileReference; lastKnownFileType = sourcecode.swift; path = Track.swift; sourceTree = "<group>"; };
/* End PBXFileReference section */

/* Begin PBXFrameworksBuildPhase section */
		CF4DA704266E969600698EE2 /* Frameworks */ = {
			isa = PBXFrameworksBuildPhase;
			buildActionMask = 2147483647;
			files = (
			);
			runOnlyForDeploymentPostprocessing = 0;
		};
/* End PBXFrameworksBuildPhase section */

/* Begin PBXGroup section */
		CF4DA6FE266E969600698EE2 = {
			isa = PBXGroup;
			children = (
				CF4DA709266E969600698EE2 /* TrackProject */,
				CF4DA708266E969600698EE2 /* Products */,
			);
			sourceTree = "<group>";
		};
		CF4DA708266E969600698EE2 /* Products */ = {
			isa = PBXGroup;
			children = (
				CF4DA707266E969600698EE2 /* TrackProject.app */,
			);
			name = Products;
			sourceTree = "<group>";
		};
		CF4DA709266E969600698EE2 /* TrackProject */ = {
			isa = PBXGroup;
			children = (
				CF4DA70A266E969600698EE2 /* AppDelegate.swift */,
				CF4DA70C266E969600698EE2 /* SceneDelegate.swift */,
				CF4DA70E266E969600698EE2 /* TrackTableViewController.swift */,
				CF4DA710266E969600698EE2 /* Main.storyboard */,
				CF4DA713266E969800698EE2 /* Assets.xcassets */,
				CF4DA715266E969800698EE2 /* LaunchScreen.storyboard */,
				CF4DA718266E969800698EE2 /* Info.plist */,
				CF4DA720266E99A900698EE2 /* Track.swift */,
				CF3E2A67266F8ED600BA2A10 /* DetailTrackViewController.swift */,
			);
			path = TrackProject;
			sourceTree = "<group>";
		};
/* End PBXGroup section */

/* Begin PBXNativeTarget section */
		CF4DA706266E969600698EE2 /* TrackProject */ = {
			isa = PBXNativeTarget;
			buildConfigurationList = CF4DA71B266E969800698EE2 /* Build configuration list for PBXNativeTarget "TrackProject" */;
			buildPhases = (
				CF4DA703266E969600698EE2 /* Sources */,
				CF4DA704266E969600698EE2 /* Frameworks */,
				CF4DA705266E969600698EE2 /* Resources */,
			);
			buildRules = (
			);
			dependencies = (
			);
			name = TrackProject;
			productName = TrackProject;
			productReference = CF4DA707266E969600698EE2 /* TrackProject.app */;
			productType = "com.apple.product-type.application";
		};
/* End PBXNativeTarget section */

/* Begin PBXProject section */
		CF4DA6FF266E969600698EE2 /* Project object */ = {
			isa = PBXProject;
			attributes = {
				LastSwiftUpdateCheck = 1240;
				LastUpgradeCheck = 1240;
				TargetAttributes = {
					CF4DA706266E969600698EE2 = {
						CreatedOnToolsVersion = 12.4;
					};
				};
			};
			buildConfigurationList = CF4DA702266E969600698EE2 /* Build configuration list for PBXProject "TrackProject" */;
			compatibilityVersion = "Xcode 9.3";
			developmentRegion = en;
			hasScannedForEncodings = 0;
			knownRegions = (
				en,
				Base,
			);
			mainGroup = CF4DA6FE266E969600698EE2;
			productRefGroup = CF4DA708266E969600698EE2 /* Products */;
			projectDirPath = "";
			projectRoot = "";
			targets = (
				CF4DA706266E969600698EE2 /* TrackProject */,
			);
		};
/* End PBXProject section */

/* Begin PBXResourcesBuildPhase section */
		CF4DA705266E969600698EE2 /* Resources */ = {
			isa = PBXResourcesBuildPhase;
			buildActionMask = 2147483647;
			files = (
				CF4DA717266E969800698EE2 /* LaunchScreen.storyboard in Resources */,
				CF4DA714266E969800698EE2 /* Assets.xcassets in Resources */,
				CF4DA712266E969600698EE2 /* Main.storyboard in Resources */,
			);
			runOnlyForDeploymentPostprocessing = 0;
		};
/* End PBXResourcesBuildPhase section */

/* Begin PBXSourcesBuildPhase section */
		CF4DA703266E969600698EE2 /* Sources */ = {
			isa = PBXSourcesBuildPhase;
			buildActionMask = 2147483647;
			files = (
				CF4DA70F266E969600698EE2 /* TrackTableViewController.swift in Sources */,
				CF4DA70B266E969600698EE2 /* AppDelegate.swift in Sources */,
				CF3E2A68266F8ED600BA2A10 /* DetailTrackViewController.swift in Sources */,
				CF4DA70D266E969600698EE2 /* SceneDelegate.swift in Sources */,
				CF4DA721266E99A900698EE2 /* Track.swift in Sources */,
			);
			runOnlyForDeploymentPostprocessing = 0;
		};
/* End PBXSourcesBuildPhase section */

/* Begin PBXVariantGroup section */
		CF4DA710266E969600698EE2 /* Main.storyboard */ = {
			isa = PBXVariantGroup;
			children = (
				CF4DA711266E969600698EE2 /* Base */,
			);
			name = Main.storyboard;
			sourceTree = "<group>";
		};
		CF4DA715266E969800698EE2 /* LaunchScreen.storyboard */ = {
			isa = PBXVariantGroup;
			children = (
				CF4DA716266E969800698EE2 /* Base */,
			);
			name = LaunchScreen.storyboard;
			sourceTree = "<group>";
		};
/* End PBXVariantGroup section */

/* Begin XCBuildConfiguration section */
		CF4DA719266E969800698EE2 /* Debug */ = {
			isa = XCBuildConfiguration;
			buildSettings = {
				ALWAYS_SEARCH_USER_PATHS = NO;
				CLANG_ANALYZER_NONNULL = YES;
				CLANG_ANALYZER_NUMBER_OBJECT_CONVERSION = YES_AGGRESSIVE;
				CLANG_CXX_LANGUAGE_STANDARD = "gnu++14";
				CLANG_CXX_LIBRARY = "libc++";
				CLANG_ENABLE_MODULES = YES;
				CLANG_ENABLE_OBJC_ARC = YES;
				CLANG_ENABLE_OBJC_WEAK = YES;
				CLANG_WARN_BLOCK_CAPTURE_AUTORELEASING = YES;
				CLANG_WARN_BOOL_CONVERSION = YES;
				CLANG_WARN_COMMA = YES;
				CLANG_WARN_CONSTANT_CONVERSION = YES;
				CLANG_WARN_DEPRECATED_OBJC_IMPLEMENTATIONS = YES;
				CLANG_WARN_DIRECT_OBJC_ISA_USAGE = YES_ERROR;
				CLANG_WARN_DOCUMENTATION_COMMENTS = YES;
				CLANG_WARN_EMPTY_BODY = YES;
				CLANG_WARN_ENUM_CONVERSION = YES;
				CLANG_WARN_INFINITE_RECURSION = YES;
				CLANG_WARN_INT_CONVERSION = YES;
				CLANG_WARN_NON_LITERAL_NULL_CONVERSION = YES;
				CLANG_WARN_OBJC_IMPLICIT_RETAIN_SELF = YES;
				CLANG_WARN_OBJC_LITERAL_CONVERSION = YES;
				CLANG_WARN_OBJC_ROOT_CLASS = YES_ERROR;
				CLANG_WARN_QUOTED_INCLUDE_IN_FRAMEWORK_HEADER = YES;
				CLANG_WARN_RANGE_LOOP_ANALYSIS = YES;
				CLANG_WARN_STRICT_PROTOTYPES = YES;
				CLANG_WARN_SUSPICIOUS_MOVE = YES;
				CLANG_WARN_UNGUARDED_AVAILABILITY = YES_AGGRESSIVE;
				CLANG_WARN_UNREACHABLE_CODE = YES;
				CLANG_WARN__DUPLICATE_METHOD_MATCH = YES;
				COPY_PHASE_STRIP = NO;
				DEBUG_INFORMATION_FORMAT = dwarf;
				ENABLE_STRICT_OBJC_MSGSEND = YES;
				ENABLE_TESTABILITY = YES;
				GCC_C_LANGUAGE_STANDARD = gnu11;
				GCC_DYNAMIC_NO_PIC = NO;
				GCC_NO_COMMON_BLOCKS = YES;
				GCC_OPTIMIZATION_LEVEL = 0;
				GCC_PREPROCESSOR_DEFINITIONS = (
					"DEBUG=1",
					"$(inherited)",
				);
				GCC_WARN_64_TO_32_BIT_CONVERSION = YES;
				GCC_WARN_ABOUT_RETURN_TYPE = YES_ERROR;
				GCC_WARN_UNDECLARED_SELECTOR = YES;
				GCC_WARN_UNINITIALIZED_AUTOS = YES_AGGRESSIVE;
				GCC_WARN_UNUSED_FUNCTION = YES;
				GCC_WARN_UNUSED_VARIABLE = YES;
				IPHONEOS_DEPLOYMENT_TARGET = 14.4;
				MTL_ENABLE_DEBUG_INFO = INCLUDE_SOURCE;
				MTL_FAST_MATH = YES;
				ONLY_ACTIVE_ARCH = YES;
				SDKROOT = iphoneos;
				SWIFT_ACTIVE_COMPILATION_CONDITIONS = DEBUG;
				SWIFT_OPTIMIZATION_LEVEL = "-Onone";
			};
			name = Debug;
		};
		CF4DA71A266E969800698EE2 /* Release */ = {
			isa = XCBuildConfiguration;
			buildSettings = {
				ALWAYS_SEARCH_USER_PATHS = NO;
				CLANG_ANALYZER_NONNULL = YES;
				CLANG_ANALYZER_NUMBER_OBJECT_CONVERSION = YES_AGGRESSIVE;
				CLANG_CXX_LANGUAGE_STANDARD = "gnu++14";
				CLANG_CXX_LIBRARY = "libc++";
				CLANG_ENABLE_MODULES = YES;
				CLANG_ENABLE_OBJC_ARC = YES;
				CLANG_ENABLE_OBJC_WEAK = YES;
				CLANG_WARN_BLOCK_CAPTURE_AUTORELEASING = YES;
				CLANG_WARN_BOOL_CONVERSION = YES;
				CLANG_WARN_COMMA = YES;
				CLANG_WARN_CONSTANT_CONVERSION = YES;
				CLANG_WARN_DEPRECATED_OBJC_IMPLEMENTATIONS = YES;
				CLANG_WARN_DIRECT_OBJC_ISA_USAGE = YES_ERROR;
				CLANG_WARN_DOCUMENTATION_COMMENTS = YES;
				CLANG_WARN_EMPTY_BODY = YES;
				CLANG_WARN_ENUM_CONVERSION = YES;
				CLANG_WARN_INFINITE_RECURSION = YES;
				CLANG_WARN_INT_CONVERSION = YES;
				CLANG_WARN_NON_LITERAL_NULL_CONVERSION = YES;
				CLANG_WARN_OBJC_IMPLICIT_RETAIN_SELF = YES;
				CLANG_WARN_OBJC_LITERAL_CONVERSION = YES;
				CLANG_WARN_OBJC_ROOT_CLASS = YES_ERROR;
				CLANG_WARN_QUOTED_INCLUDE_IN_FRAMEWORK_HEADER = YES;
				CLANG_WARN_RANGE_LOOP_ANALYSIS = YES;
				CLANG_WARN_STRICT_PROTOTYPES = YES;
				CLANG_WARN_SUSPICIOUS_MOVE = YES;
				CLANG_WARN_UNGUARDED_AVAILABILITY = YES_AGGRESSIVE;
				CLANG_WARN_UNREACHABLE_CODE = YES;
				CLANG_WARN__DUPLICATE_METHOD_MATCH = YES;
				COPY_PHASE_STRIP = NO;
				DEBUG_INFORMATION_FORMAT = "dwarf-with-dsym";
				ENABLE_NS_ASSERTIONS = NO;
				ENABLE_STRICT_OBJC_MSGSEND = YES;
				GCC_C_LANGUAGE_STANDARD = gnu11;
				GCC_NO_COMMON_BLOCKS = YES;
				GCC_WARN_64_TO_32_BIT_CONVERSION = YES;
				GCC_WARN_ABOUT_RETURN_TYPE = YES_ERROR;
				GCC_WARN_UNDECLARED_SELECTOR = YES;
				GCC_WARN_UNINITIALIZED_AUTOS = YES_AGGRESSIVE;
				GCC_WARN_UNUSED_FUNCTION = YES;
				GCC_WARN_UNUSED_VARIABLE = YES;
				IPHONEOS_DEPLOYMENT_TARGET = 14.4;
				MTL_ENABLE_DEBUG_INFO = NO;
				MTL_FAST_MATH = YES;
				SDKROOT = iphoneos;
				SWIFT_COMPILATION_MODE = wholemodule;
				SWIFT_OPTIMIZATION_LEVEL = "-O";
				VALIDATE_PRODUCT = YES;
			};
			name = Release;
		};
		CF4DA71C266E969800698EE2 /* Debug */ = {
			isa = XCBuildConfiguration;
			buildSettings = {
				ASSETCATALOG_COMPILER_APPICON_NAME = AppIcon;
				ASSETCATALOG_COMPILER_GLOBAL_ACCENT_COLOR_NAME = AccentColor;
				CODE_SIGN_STYLE = Automatic;
				DEVELOPMENT_TEAM = 59U3Y8MDY6;
				INFOPLIST_FILE = TrackProject/Info.plist;
				IPHONEOS_DEPLOYMENT_TARGET = 14.1;
				LD_RUNPATH_SEARCH_PATHS = (
					"$(inherited)",
					"@executable_path/Frameworks",
				);
				PRODUCT_BUNDLE_IDENTIFIER = QV.TrackProject;
				PRODUCT_NAME = "$(TARGET_NAME)";
				SWIFT_VERSION = 5.0;
				TARGETED_DEVICE_FAMILY = "1,2";
			};
			name = Debug;
		};
		CF4DA71D266E969800698EE2 /* Release */ = {
			isa = XCBuildConfiguration;
			buildSettings = {
				ASSETCATALOG_COMPILER_APPICON_NAME = AppIcon;
				ASSETCATALOG_COMPILER_GLOBAL_ACCENT_COLOR_NAME = AccentColor;
				CODE_SIGN_STYLE = Automatic;
				DEVELOPMENT_TEAM = 59U3Y8MDY6;
				INFOPLIST_FILE = TrackProject/Info.plist;
				IPHONEOS_DEPLOYMENT_TARGET = 14.1;
				LD_RUNPATH_SEARCH_PATHS = (
					"$(inherited)",
					"@executable_path/Frameworks",
				);
				PRODUCT_BUNDLE_IDENTIFIER = QV.TrackProject;
				PRODUCT_NAME = "$(TARGET_NAME)";
				SWIFT_VERSION = 5.0;
				TARGETED_DEVICE_FAMILY = "1,2";
			};
			name = Release;
		};
/* End XCBuildConfiguration section */

/* Begin XCConfigurationList section */
		CF4DA702266E969600698EE2 /* Build configuration list for PBXProject "TrackProject" */ = {
			isa = XCConfigurationList;
			buildConfigurations = (
				CF4DA719266E969800698EE2 /* Debug */,
				CF4DA71A266E969800698EE2 /* Release */,
			);
			defaultConfigurationIsVisible = 0;
			defaultConfigurationName = Release;
		};
		CF4DA71B266E969800698EE2 /* Build configuration list for PBXNativeTarget "TrackProject" */ = {
			isa = XCConfigurationList;
			buildConfigurations = (
				CF4DA71C266E969800698EE2 /* Debug */,
				CF4DA71D266E969800698EE2 /* Release */,
			);
			defaultConfigurationIsVisible = 0;
			defaultConfigurationName = Release;
		};
/* End XCConfigurationList section */
	};
	rootObject = CF4DA6FF266E969600698EE2 /* Project object */;
}
